// !$*UTF8*$!
{
	archiveVersion = 1;
	classes = {
	};
	objectVersion = 46;
	objects = {

/* Begin PBXBuildFile section */
		3800368D196BAFAA008A5C2E /* AppDelegate.swift in Sources */ = {isa = PBXBuildFile; fileRef = 3800368C196BAFAA008A5C2E /* AppDelegate.swift */; };
		38003691196BAFAA008A5C2E /* GameScene.swift in Sources */ = {isa = PBXBuildFile; fileRef = 38003690196BAFAA008A5C2E /* GameScene.swift */; };
		38003693196BAFAA008A5C2E /* GameViewController.swift in Sources */ = {isa = PBXBuildFile; fileRef = 38003692196BAFAA008A5C2E /* GameViewController.swift */; };
		38003696196BAFAA008A5C2E /* Main.storyboard in Resources */ = {isa = PBXBuildFile; fileRef = 38003694196BAFAA008A5C2E /* Main.storyboard */; };
		38003698196BAFAA008A5C2E /* Images.xcassets in Resources */ = {isa = PBXBuildFile; fileRef = 38003697196BAFAA008A5C2E /* Images.xcassets */; };
		380036A4196BAFAA008A5C2E /* TheSeasonsTests.swift in Sources */ = {isa = PBXBuildFile; fileRef = 380036A3196BAFAA008A5C2E /* TheSeasonsTests.swift */; };
		38003708196BB065008A5C2E /* bg_pg01.png in Resources */ = {isa = PBXBuildFile; fileRef = 380036AE196BB065008A5C2E /* bg_pg01.png */; };
		38003709196BB065008A5C2E /* bg_pg01@2x.png in Resources */ = {isa = PBXBuildFile; fileRef = 380036AF196BB065008A5C2E /* bg_pg01@2x.png */; };
		3800370A196BB065008A5C2E /* bg_pg02.png in Resources */ = {isa = PBXBuildFile; fileRef = 380036B0196BB065008A5C2E /* bg_pg02.png */; };
		3800370B196BB065008A5C2E /* bg_pg02@2x.png in Resources */ = {isa = PBXBuildFile; fileRef = 380036B1196BB065008A5C2E /* bg_pg02@2x.png */; };
		3800370C196BB065008A5C2E /* bg_pg03.png in Resources */ = {isa = PBXBuildFile; fileRef = 380036B2196BB065008A5C2E /* bg_pg03.png */; };
		3800370D196BB065008A5C2E /* bg_pg03@2x.png in Resources */ = {isa = PBXBuildFile; fileRef = 380036B3196BB065008A5C2E /* bg_pg03@2x.png */; };
		3800370E196BB065008A5C2E /* bg_pg04.png in Resources */ = {isa = PBXBuildFile; fileRef = 380036B4196BB065008A5C2E /* bg_pg04.png */; };
		3800370F196BB065008A5C2E /* bg_pg04@2x.png in Resources */ = {isa = PBXBuildFile; fileRef = 380036B5196BB065008A5C2E /* bg_pg04@2x.png */; };
		38003710196BB065008A5C2E /* bg_title_page.png in Resources */ = {isa = PBXBuildFile; fileRef = 380036B6196BB065008A5C2E /* bg_title_page.png */; };
		38003711196BB065008A5C2E /* bg_title_page@2x.png in Resources */ = {isa = PBXBuildFile; fileRef = 380036B7196BB065008A5C2E /* bg_title_page@2x.png */; };
		38003712196BB065008A5C2E /* button_left.png in Resources */ = {isa = PBXBuildFile; fileRef = 380036B8196BB065008A5C2E /* button_left.png */; };
		38003713196BB065008A5C2E /* button_left@2x.png in Resources */ = {isa = PBXBuildFile; fileRef = 380036B9196BB065008A5C2E /* button_left@2x.png */; };
		38003714196BB065008A5C2E /* button_read.png in Resources */ = {isa = PBXBuildFile; fileRef = 380036BA196BB065008A5C2E /* button_read.png */; };
		38003715196BB065008A5C2E /* button_read@2x.png in Resources */ = {isa = PBXBuildFile; fileRef = 380036BB196BB065008A5C2E /* button_read@2x.png */; };
		38003716196BB065008A5C2E /* button_right.png in Resources */ = {isa = PBXBuildFile; fileRef = 380036BC196BB065008A5C2E /* button_right.png */; };
		38003717196BB065008A5C2E /* button_right@2x.png in Resources */ = {isa = PBXBuildFile; fileRef = 380036BD196BB065008A5C2E /* button_right@2x.png */; };
		38003718196BB065008A5C2E /* button_sound_off.png in Resources */ = {isa = PBXBuildFile; fileRef = 380036BE196BB065008A5C2E /* button_sound_off.png */; };
		38003719196BB065008A5C2E /* button_sound_off@2x.png in Resources */ = {isa = PBXBuildFile; fileRef = 380036BF196BB065008A5C2E /* button_sound_off@2x.png */; };
		3800371A196BB065008A5C2E /* button_sound_on.png in Resources */ = {isa = PBXBuildFile; fileRef = 380036C0196BB065008A5C2E /* button_sound_on.png */; };
		3800371B196BB065008A5C2E /* button_sound_on@2x.png in Resources */ = {isa = PBXBuildFile; fileRef = 380036C1196BB065008A5C2E /* button_sound_on@2x.png */; };
		3800371C196BB065008A5C2E /* footer.png in Resources */ = {isa = PBXBuildFile; fileRef = 380036C2196BB065008A5C2E /* footer.png */; };
		3800371D196BB065008A5C2E /* footer@2x.png in Resources */ = {isa = PBXBuildFile; fileRef = 380036C3196BB065008A5C2E /* footer@2x.png */; };
		3800371E196BB065008A5C2E /* pg01_coatHanger.png in Resources */ = {isa = PBXBuildFile; fileRef = 380036C4196BB065008A5C2E /* pg01_coatHanger.png */; };
		3800371F196BB065008A5C2E /* pg01_coatHanger@2x.png in Resources */ = {isa = PBXBuildFile; fileRef = 380036C5196BB065008A5C2E /* pg01_coatHanger@2x.png */; };
		38003720196BB065008A5C2E /* pg01_kid.png in Resources */ = {isa = PBXBuildFile; fileRef = 380036C6196BB065008A5C2E /* pg01_kid.png */; };
		38003721196BB065008A5C2E /* pg01_kid00.png in Resources */ = {isa = PBXBuildFile; fileRef = 380036C7196BB065008A5C2E /* pg01_kid00.png */; };
		38003722196BB065008A5C2E /* pg01_kid00@2x.png in Resources */ = {isa = PBXBuildFile; fileRef = 380036C8196BB065008A5C2E /* pg01_kid00@2x.png */; };
		38003723196BB065008A5C2E /* pg01_kid01.png in Resources */ = {isa = PBXBuildFile; fileRef = 380036C9196BB065008A5C2E /* pg01_kid01.png */; };
		38003724196BB065008A5C2E /* pg01_kid01@2x.png in Resources */ = {isa = PBXBuildFile; fileRef = 380036CA196BB065008A5C2E /* pg01_kid01@2x.png */; };
		38003725196BB065008A5C2E /* pg01_kid02.png in Resources */ = {isa = PBXBuildFile; fileRef = 380036CB196BB065008A5C2E /* pg01_kid02.png */; };
		38003726196BB065008A5C2E /* pg01_kid02@2x.png in Resources */ = {isa = PBXBuildFile; fileRef = 380036CC196BB065008A5C2E /* pg01_kid02@2x.png */; };
		38003727196BB065008A5C2E /* pg01_kid04.png in Resources */ = {isa = PBXBuildFile; fileRef = 380036CD196BB065008A5C2E /* pg01_kid04.png */; };
		38003728196BB065008A5C2E /* pg01_kid04@2x.png in Resources */ = {isa = PBXBuildFile; fileRef = 380036CE196BB065008A5C2E /* pg01_kid04@2x.png */; };
		38003729196BB065008A5C2E /* pg01_kid@2x.png in Resources */ = {isa = PBXBuildFile; fileRef = 380036CF196BB065008A5C2E /* pg01_kid@2x.png */; };
		3800372A196BB065008A5C2E /* pg01_kid_hat.png in Resources */ = {isa = PBXBuildFile; fileRef = 380036D0196BB065008A5C2E /* pg01_kid_hat.png */; };
		3800372B196BB065008A5C2E /* pg01_kid_hat@2x.png in Resources */ = {isa = PBXBuildFile; fileRef = 380036D1196BB065008A5C2E /* pg01_kid_hat@2x.png */; };
		3800372C196BB065008A5C2E /* pg01_text.png in Resources */ = {isa = PBXBuildFile; fileRef = 380036D2196BB065008A5C2E /* pg01_text.png */; };
		3800372D196BB065008A5C2E /* pg01_text@2x.png in Resources */ = {isa = PBXBuildFile; fileRef = 380036D3196BB065008A5C2E /* pg01_text@2x.png */; };
		3800372E196BB065008A5C2E /* pg02_cat.png in Resources */ = {isa = PBXBuildFile; fileRef = 380036D4196BB065008A5C2E /* pg02_cat.png */; };
		3800372F196BB065008A5C2E /* pg02_cat@2x.png in Resources */ = {isa = PBXBuildFile; fileRef = 380036D5196BB065008A5C2E /* pg02_cat@2x.png */; };
		38003730196BB065008A5C2E /* pg02_text.png in Resources */ = {isa = PBXBuildFile; fileRef = 380036D6196BB065008A5C2E /* pg02_text.png */; };
		38003731196BB065008A5C2E /* pg02_text@2x.png in Resources */ = {isa = PBXBuildFile; fileRef = 380036D7196BB065008A5C2E /* pg02_text@2x.png */; };
		38003732196BB065008A5C2E /* pg03_kid_cat.png in Resources */ = {isa = PBXBuildFile; fileRef = 380036D8196BB065008A5C2E /* pg03_kid_cat.png */; };
		38003733196BB065008A5C2E /* pg03_kid_cat@2x.png in Resources */ = {isa = PBXBuildFile; fileRef = 380036D9196BB065008A5C2E /* pg03_kid_cat@2x.png */; };
		38003734196BB065008A5C2E /* pg03_text.png in Resources */ = {isa = PBXBuildFile; fileRef = 380036DA196BB065008A5C2E /* pg03_text.png */; };
		38003735196BB065008A5C2E /* pg03_text@2x.png in Resources */ = {isa = PBXBuildFile; fileRef = 380036DB196BB065008A5C2E /* pg03_text@2x.png */; };
		38003736196BB065008A5C2E /* pg04_bunny.png in Resources */ = {isa = PBXBuildFile; fileRef = 380036DC196BB065008A5C2E /* pg04_bunny.png */; };
		38003737196BB065008A5C2E /* pg04_bunny@2x.png in Resources */ = {isa = PBXBuildFile; fileRef = 380036DD196BB065008A5C2E /* pg04_bunny@2x.png */; };
		38003738196BB065008A5C2E /* pg04_cloud01.png in Resources */ = {isa = PBXBuildFile; fileRef = 380036DE196BB065008A5C2E /* pg04_cloud01.png */; };
		38003739196BB065008A5C2E /* pg04_cloud01@2x.png in Resources */ = {isa = PBXBuildFile; fileRef = 380036DF196BB065008A5C2E /* pg04_cloud01@2x.png */; };
		3800373A196BB065008A5C2E /* pg04_cloud02.png in Resources */ = {isa = PBXBuildFile; fileRef = 380036E0196BB065008A5C2E /* pg04_cloud02.png */; };
		3800373B196BB065008A5C2E /* pg04_cloud02@2x.png in Resources */ = {isa = PBXBuildFile; fileRef = 380036E1196BB065008A5C2E /* pg04_cloud02@2x.png */; };
		3800373C196BB065008A5C2E /* pg04_text.png in Resources */ = {isa = PBXBuildFile; fileRef = 380036E2196BB065008A5C2E /* pg04_text.png */; };
		3800373D196BB065008A5C2E /* pg04_text@2x.png in Resources */ = {isa = PBXBuildFile; fileRef = 380036E3196BB065008A5C2E /* pg04_text@2x.png */; };
		3800373E196BB065008A5C2E /* snowfall01.png in Resources */ = {isa = PBXBuildFile; fileRef = 380036E4196BB065008A5C2E /* snowfall01.png */; };
		3800373F196BB065008A5C2E /* snowfall01@2x.png in Resources */ = {isa = PBXBuildFile; fileRef = 380036E5196BB065008A5C2E /* snowfall01@2x.png */; };
		38003740196BB065008A5C2E /* snowfall02.png in Resources */ = {isa = PBXBuildFile; fileRef = 380036E6196BB065008A5C2E /* snowfall02.png */; };
		38003741196BB065008A5C2E /* snowfall02@2x.png in Resources */ = {isa = PBXBuildFile; fileRef = 380036E7196BB065008A5C2E /* snowfall02@2x.png */; };
		38003742196BB065008A5C2E /* snowfall03.png in Resources */ = {isa = PBXBuildFile; fileRef = 380036E8196BB065008A5C2E /* snowfall03.png */; };
		38003743196BB065008A5C2E /* snowfall03@2x.png in Resources */ = {isa = PBXBuildFile; fileRef = 380036E9196BB065008A5C2E /* snowfall03@2x.png */; };
		38003744196BB065008A5C2E /* title_text.png in Resources */ = {isa = PBXBuildFile; fileRef = 380036EA196BB065008A5C2E /* title_text.png */; };
		38003745196BB065008A5C2E /* title_text@2x.png in Resources */ = {isa = PBXBuildFile; fileRef = 380036EB196BB065008A5C2E /* title_text@2x.png */; };
		38003746196BB065008A5C2E /* to_be_continued.png in Resources */ = {isa = PBXBuildFile; fileRef = 380036EC196BB065008A5C2E /* to_be_continued.png */; };
		38003747196BB065008A5C2E /* to_be_continued@2x.png in Resources */ = {isa = PBXBuildFile; fileRef = 380036ED196BB065008A5C2E /* to_be_continued@2x.png */; };
		3800374D196BB065008A5C2E /* attribution.txt in Resources */ = {isa = PBXBuildFile; fileRef = 380036FB196BB065008A5C2E /* attribution.txt */; };
		3800374E196BB065008A5C2E /* cameronmusic_meow.wav in Resources */ = {isa = PBXBuildFile; fileRef = 380036FC196BB065008A5C2E /* cameronmusic_meow.wav */; };
		3800374F196BB065008A5C2E /* pg01.wav in Resources */ = {isa = PBXBuildFile; fileRef = 380036FD196BB065008A5C2E /* pg01.wav */; };
		38003750196BB065008A5C2E /* pg01_bgMusic.mp3 in Resources */ = {isa = PBXBuildFile; fileRef = 380036FE196BB065008A5C2E /* pg01_bgMusic.mp3 */; };
		38003751196BB065008A5C2E /* pg02.wav in Resources */ = {isa = PBXBuildFile; fileRef = 380036FF196BB065008A5C2E /* pg02.wav */; };
		38003752196BB065008A5C2E /* pg02_bgMusic.mp3 in Resources */ = {isa = PBXBuildFile; fileRef = 38003700196BB065008A5C2E /* pg02_bgMusic.mp3 */; };
		38003753196BB065008A5C2E /* pg03.wav in Resources */ = {isa = PBXBuildFile; fileRef = 38003701196BB065008A5C2E /* pg03.wav */; };
		38003754196BB065008A5C2E /* pg03_bgMusic.mp3 in Resources */ = {isa = PBXBuildFile; fileRef = 38003702196BB065008A5C2E /* pg03_bgMusic.mp3 */; };
		38003755196BB065008A5C2E /* pg04.wav in Resources */ = {isa = PBXBuildFile; fileRef = 38003703196BB065008A5C2E /* pg04.wav */; };
		38003756196BB065008A5C2E /* pg04_bgMusic.mp3 in Resources */ = {isa = PBXBuildFile; fileRef = 38003704196BB065008A5C2E /* pg04_bgMusic.mp3 */; };
		38003757196BB065008A5C2E /* thegertz_meow.wav in Resources */ = {isa = PBXBuildFile; fileRef = 38003705196BB065008A5C2E /* thegertz_meow.wav */; };
		38003758196BB065008A5C2E /* thompsonman_pop.wav in Resources */ = {isa = PBXBuildFile; fileRef = 38003706196BB065008A5C2E /* thompsonman_pop.wav */; };
		38003759196BB065008A5C2E /* title_bgMusic.mp3 in Resources */ = {isa = PBXBuildFile; fileRef = 38003707196BB065008A5C2E /* title_bgMusic.mp3 */; };
		3800375B196BB0D3008A5C2E /* SKActionExtensions.swift in Sources */ = {isa = PBXBuildFile; fileRef = 3800375A196BB0D3008A5C2E /* SKActionExtensions.swift */; };
		3800375D196BB37A008A5C2E /* SKEmitterNodeExtensions.swift in Sources */ = {isa = PBXBuildFile; fileRef = 3800375C196BB37A008A5C2E /* SKEmitterNodeExtensions.swift */; };
		3800375F196BB44B008A5C2E /* SKNodeExtensions.swift in Sources */ = {isa = PBXBuildFile; fileRef = 3800375E196BB44B008A5C2E /* SKNodeExtensions.swift */; };
		38003763196BCECC008A5C2E /* SKTAudio.swift in Sources */ = {isa = PBXBuildFile; fileRef = 38003762196BCECC008A5C2E /* SKTAudio.swift */; };
		38003765196BD1FF008A5C2E /* SKTUtils.swift in Sources */ = {isa = PBXBuildFile; fileRef = 38003764196BD1FF008A5C2E /* SKTUtils.swift */; };
		38003768196BDFAA008A5C2E /* Scene00.swift in Sources */ = {isa = PBXBuildFile; fileRef = 38003767196BDFAA008A5C2E /* Scene00.swift */; };
		3800376B196C11F4008A5C2E /* Scene01.swift in Sources */ = {isa = PBXBuildFile; fileRef = 3800376A196C11F4008A5C2E /* Scene01.swift */; };
		3800376D196C2640008A5C2E /* Scene02.swift in Sources */ = {isa = PBXBuildFile; fileRef = 3800376C196C2640008A5C2E /* Scene02.swift */; };
		3800376F196C307E008A5C2E /* Scene03.swift in Sources */ = {isa = PBXBuildFile; fileRef = 3800376E196C307E008A5C2E /* Scene03.swift */; };
		38003771196C3AFB008A5C2E /* Scene04.swift in Sources */ = {isa = PBXBuildFile; fileRef = 38003770196C3AFB008A5C2E /* Scene04.swift */; };
/* End PBXBuildFile section */

/* Begin PBXContainerItemProxy section */
		3800369E196BAFAA008A5C2E /* PBXContainerItemProxy */ = {
			isa = PBXContainerItemProxy;
			containerPortal = 3800367F196BAFAA008A5C2E /* Project object */;
			proxyType = 1;
			remoteGlobalIDString = 38003686196BAFAA008A5C2E;
			remoteInfo = TheSeasons;
		};
/* End PBXContainerItemProxy section */

/* Begin PBXFileReference section */
		38003687196BAFAA008A5C2E /* TheSeasons.app */ = {isa = PBXFileReference; explicitFileType = wrapper.application; includeInIndex = 0; path = TheSeasons.app; sourceTree = BUILT_PRODUCTS_DIR; };
		3800368B196BAFAA008A5C2E /* Info.plist */ = {isa = PBXFileReference; lastKnownFileType = text.plist.xml; path = Info.plist; sourceTree = "<group>"; };
		3800368C196BAFAA008A5C2E /* AppDelegate.swift */ = {isa = PBXFileReference; lastKnownFileType = sourcecode.swift; path = AppDelegate.swift; sourceTree = "<group>"; };
		38003690196BAFAA008A5C2E /* GameScene.swift */ = {isa = PBXFileReference; lastKnownFileType = sourcecode.swift; path = GameScene.swift; sourceTree = "<group>"; };
		38003692196BAFAA008A5C2E /* GameViewController.swift */ = {isa = PBXFileReference; lastKnownFileType = sourcecode.swift; path = GameViewController.swift; sourceTree = "<group>"; };
		38003695196BAFAA008A5C2E /* Base */ = {isa = PBXFileReference; lastKnownFileType = file.storyboard; name = Base; path = Base.lproj/Main.storyboard; sourceTree = "<group>"; };
		38003697196BAFAA008A5C2E /* Images.xcassets */ = {isa = PBXFileReference; lastKnownFileType = folder.assetcatalog; path = Images.xcassets; sourceTree = "<group>"; };
		3800369D196BAFAA008A5C2E /* TheSeasonsTests.xctest */ = {isa = PBXFileReference; explicitFileType = wrapper.cfbundle; includeInIndex = 0; path = TheSeasonsTests.xctest; sourceTree = BUILT_PRODUCTS_DIR; };
		380036A2196BAFAA008A5C2E /* Info.plist */ = {isa = PBXFileReference; lastKnownFileType = text.plist.xml; path = Info.plist; sourceTree = "<group>"; };
		380036A3196BAFAA008A5C2E /* TheSeasonsTests.swift */ = {isa = PBXFileReference; lastKnownFileType = sourcecode.swift; path = TheSeasonsTests.swift; sourceTree = "<group>"; };
		380036AE196BB065008A5C2E /* bg_pg01.png */ = {isa = PBXFileReference; lastKnownFileType = image.png; path = bg_pg01.png; sourceTree = "<group>"; };
		380036AF196BB065008A5C2E /* bg_pg01@2x.png */ = {isa = PBXFileReference; lastKnownFileType = image.png; path = "bg_pg01@2x.png"; sourceTree = "<group>"; };
		380036B0196BB065008A5C2E /* bg_pg02.png */ = {isa = PBXFileReference; lastKnownFileType = image.png; path = bg_pg02.png; sourceTree = "<group>"; };
		380036B1196BB065008A5C2E /* bg_pg02@2x.png */ = {isa = PBXFileReference; lastKnownFileType = image.png; path = "bg_pg02@2x.png"; sourceTree = "<group>"; };
		380036B2196BB065008A5C2E /* bg_pg03.png */ = {isa = PBXFileReference; lastKnownFileType = image.png; path = bg_pg03.png; sourceTree = "<group>"; };
		380036B3196BB065008A5C2E /* bg_pg03@2x.png */ = {isa = PBXFileReference; lastKnownFileType = image.png; path = "bg_pg03@2x.png"; sourceTree = "<group>"; };
		380036B4196BB065008A5C2E /* bg_pg04.png */ = {isa = PBXFileReference; lastKnownFileType = image.png; path = bg_pg04.png; sourceTree = "<group>"; };
		380036B5196BB065008A5C2E /* bg_pg04@2x.png */ = {isa = PBXFileReference; lastKnownFileType = image.png; path = "bg_pg04@2x.png"; sourceTree = "<group>"; };
		380036B6196BB065008A5C2E /* bg_title_page.png */ = {isa = PBXFileReference; lastKnownFileType = image.png; path = bg_title_page.png; sourceTree = "<group>"; };
		380036B7196BB065008A5C2E /* bg_title_page@2x.png */ = {isa = PBXFileReference; lastKnownFileType = image.png; path = "bg_title_page@2x.png"; sourceTree = "<group>"; };
		380036B8196BB065008A5C2E /* button_left.png */ = {isa = PBXFileReference; lastKnownFileType = image.png; path = button_left.png; sourceTree = "<group>"; };
		380036B9196BB065008A5C2E /* button_left@2x.png */ = {isa = PBXFileReference; lastKnownFileType = image.png; path = "button_left@2x.png"; sourceTree = "<group>"; };
		380036BA196BB065008A5C2E /* button_read.png */ = {isa = PBXFileReference; lastKnownFileType = image.png; path = button_read.png; sourceTree = "<group>"; };
		380036BB196BB065008A5C2E /* button_read@2x.png */ = {isa = PBXFileReference; lastKnownFileType = image.png; path = "button_read@2x.png"; sourceTree = "<group>"; };
		380036BC196BB065008A5C2E /* button_right.png */ = {isa = PBXFileReference; lastKnownFileType = image.png; path = button_right.png; sourceTree = "<group>"; };
		380036BD196BB065008A5C2E /* button_right@2x.png */ = {isa = PBXFileReference; lastKnownFileType = image.png; path = "button_right@2x.png"; sourceTree = "<group>"; };
		380036BE196BB065008A5C2E /* button_sound_off.png */ = {isa = PBXFileReference; lastKnownFileType = image.png; path = button_sound_off.png; sourceTree = "<group>"; };
		380036BF196BB065008A5C2E /* button_sound_off@2x.png */ = {isa = PBXFileReference; lastKnownFileType = image.png; path = "button_sound_off@2x.png"; sourceTree = "<group>"; };
		380036C0196BB065008A5C2E /* button_sound_on.png */ = {isa = PBXFileReference; lastKnownFileType = image.png; path = button_sound_on.png; sourceTree = "<group>"; };
		380036C1196BB065008A5C2E /* button_sound_on@2x.png */ = {isa = PBXFileReference; lastKnownFileType = image.png; path = "button_sound_on@2x.png"; sourceTree = "<group>"; };
		380036C2196BB065008A5C2E /* footer.png */ = {isa = PBXFileReference; lastKnownFileType = image.png; path = footer.png; sourceTree = "<group>"; };
		380036C3196BB065008A5C2E /* footer@2x.png */ = {isa = PBXFileReference; lastKnownFileType = image.png; path = "footer@2x.png"; sourceTree = "<group>"; };
		380036C4196BB065008A5C2E /* pg01_coatHanger.png */ = {isa = PBXFileReference; lastKnownFileType = image.png; path = pg01_coatHanger.png; sourceTree = "<group>"; };
		380036C5196BB065008A5C2E /* pg01_coatHanger@2x.png */ = {isa = PBXFileReference; lastKnownFileType = image.png; path = "pg01_coatHanger@2x.png"; sourceTree = "<group>"; };
		380036C6196BB065008A5C2E /* pg01_kid.png */ = {isa = PBXFileReference; lastKnownFileType = image.png; path = pg01_kid.png; sourceTree = "<group>"; };
		380036C7196BB065008A5C2E /* pg01_kid00.png */ = {isa = PBXFileReference; lastKnownFileType = image.png; path = pg01_kid00.png; sourceTree = "<group>"; };
		380036C8196BB065008A5C2E /* pg01_kid00@2x.png */ = {isa = PBXFileReference; lastKnownFileType = image.png; path = "pg01_kid00@2x.png"; sourceTree = "<group>"; };
		380036C9196BB065008A5C2E /* pg01_kid01.png */ = {isa = PBXFileReference; lastKnownFileType = image.png; path = pg01_kid01.png; sourceTree = "<group>"; };
		380036CA196BB065008A5C2E /* pg01_kid01@2x.png */ = {isa = PBXFileReference; lastKnownFileType = image.png; path = "pg01_kid01@2x.png"; sourceTree = "<group>"; };
		380036CB196BB065008A5C2E /* pg01_kid02.png */ = {isa = PBXFileReference; lastKnownFileType = image.png; path = pg01_kid02.png; sourceTree = "<group>"; };
		380036CC196BB065008A5C2E /* pg01_kid02@2x.png */ = {isa = PBXFileReference; lastKnownFileType = image.png; path = "pg01_kid02@2x.png"; sourceTree = "<group>"; };
		380036CD196BB065008A5C2E /* pg01_kid04.png */ = {isa = PBXFileReference; lastKnownFileType = image.png; path = pg01_kid04.png; sourceTree = "<group>"; };
		380036CE196BB065008A5C2E /* pg01_kid04@2x.png */ = {isa = PBXFileReference; lastKnownFileType = image.png; path = "pg01_kid04@2x.png"; sourceTree = "<group>"; };
		380036CF196BB065008A5C2E /* pg01_kid@2x.png */ = {isa = PBXFileReference; lastKnownFileType = image.png; path = "pg01_kid@2x.png"; sourceTree = "<group>"; };
		380036D0196BB065008A5C2E /* pg01_kid_hat.png */ = {isa = PBXFileReference; lastKnownFileType = image.png; path = pg01_kid_hat.png; sourceTree = "<group>"; };
		380036D1196BB065008A5C2E /* pg01_kid_hat@2x.png */ = {isa = PBXFileReference; lastKnownFileType = image.png; path = "pg01_kid_hat@2x.png"; sourceTree = "<group>"; };
		380036D2196BB065008A5C2E /* pg01_text.png */ = {isa = PBXFileReference; lastKnownFileType = image.png; path = pg01_text.png; sourceTree = "<group>"; };
		380036D3196BB065008A5C2E /* pg01_text@2x.png */ = {isa = PBXFileReference; lastKnownFileType = image.png; path = "pg01_text@2x.png"; sourceTree = "<group>"; };
		380036D4196BB065008A5C2E /* pg02_cat.png */ = {isa = PBXFileReference; lastKnownFileType = image.png; path = pg02_cat.png; sourceTree = "<group>"; };
		380036D5196BB065008A5C2E /* pg02_cat@2x.png */ = {isa = PBXFileReference; lastKnownFileType = image.png; path = "pg02_cat@2x.png"; sourceTree = "<group>"; };
		380036D6196BB065008A5C2E /* pg02_text.png */ = {isa = PBXFileReference; lastKnownFileType = image.png; path = pg02_text.png; sourceTree = "<group>"; };
		380036D7196BB065008A5C2E /* pg02_text@2x.png */ = {isa = PBXFileReference; lastKnownFileType = image.png; path = "pg02_text@2x.png"; sourceTree = "<group>"; };
		380036D8196BB065008A5C2E /* pg03_kid_cat.png */ = {isa = PBXFileReference; lastKnownFileType = image.png; path = pg03_kid_cat.png; sourceTree = "<group>"; };
		380036D9196BB065008A5C2E /* pg03_kid_cat@2x.png */ = {isa = PBXFileReference; lastKnownFileType = image.png; path = "pg03_kid_cat@2x.png"; sourceTree = "<group>"; };
		380036DA196BB065008A5C2E /* pg03_text.png */ = {isa = PBXFileReference; lastKnownFileType = image.png; path = pg03_text.png; sourceTree = "<group>"; };
		380036DB196BB065008A5C2E /* pg03_text@2x.png */ = {isa = PBXFileReference; lastKnownFileType = image.png; path = "pg03_text@2x.png"; sourceTree = "<group>"; };
		380036DC196BB065008A5C2E /* pg04_bunny.png */ = {isa = PBXFileReference; lastKnownFileType = image.png; path = pg04_bunny.png; sourceTree = "<group>"; };
		380036DD196BB065008A5C2E /* pg04_bunny@2x.png */ = {isa = PBXFileReference; lastKnownFileType = image.png; path = "pg04_bunny@2x.png"; sourceTree = "<group>"; };
		380036DE196BB065008A5C2E /* pg04_cloud01.png */ = {isa = PBXFileReference; lastKnownFileType = image.png; path = pg04_cloud01.png; sourceTree = "<group>"; };
		380036DF196BB065008A5C2E /* pg04_cloud01@2x.png */ = {isa = PBXFileReference; lastKnownFileType = image.png; path = "pg04_cloud01@2x.png"; sourceTree = "<group>"; };
		380036E0196BB065008A5C2E /* pg04_cloud02.png */ = {isa = PBXFileReference; lastKnownFileType = image.png; path = pg04_cloud02.png; sourceTree = "<group>"; };
		380036E1196BB065008A5C2E /* pg04_cloud02@2x.png */ = {isa = PBXFileReference; lastKnownFileType = image.png; path = "pg04_cloud02@2x.png"; sourceTree = "<group>"; };
		380036E2196BB065008A5C2E /* pg04_text.png */ = {isa = PBXFileReference; lastKnownFileType = image.png; path = pg04_text.png; sourceTree = "<group>"; };
		380036E3196BB065008A5C2E /* pg04_text@2x.png */ = {isa = PBXFileReference; lastKnownFileType = image.png; path = "pg04_text@2x.png"; sourceTree = "<group>"; };
		380036E4196BB065008A5C2E /* snowfall01.png */ = {isa = PBXFileReference; lastKnownFileType = image.png; path = snowfall01.png; sourceTree = "<group>"; };
		380036E5196BB065008A5C2E /* snowfall01@2x.png */ = {isa = PBXFileReference; lastKnownFileType = image.png; path = "snowfall01@2x.png"; sourceTree = "<group>"; };
		380036E6196BB065008A5C2E /* snowfall02.png */ = {isa = PBXFileReference; lastKnownFileType = image.png; path = snowfall02.png; sourceTree = "<group>"; };
		380036E7196BB065008A5C2E /* snowfall02@2x.png */ = {isa = PBXFileReference; lastKnownFileType = image.png; path = "snowfall02@2x.png"; sourceTree = "<group>"; };
		380036E8196BB065008A5C2E /* snowfall03.png */ = {isa = PBXFileReference; lastKnownFileType = image.png; path = snowfall03.png; sourceTree = "<group>"; };
		380036E9196BB065008A5C2E /* snowfall03@2x.png */ = {isa = PBXFileReference; lastKnownFileType = image.png; path = "snowfall03@2x.png"; sourceTree = "<group>"; };
		380036EA196BB065008A5C2E /* title_text.png */ = {isa = PBXFileReference; lastKnownFileType = image.png; path = title_text.png; sourceTree = "<group>"; };
		380036EB196BB065008A5C2E /* title_text@2x.png */ = {isa = PBXFileReference; lastKnownFileType = image.png; path = "title_text@2x.png"; sourceTree = "<group>"; };
		380036EC196BB065008A5C2E /* to_be_continued.png */ = {isa = PBXFileReference; lastKnownFileType = image.png; path = to_be_continued.png; sourceTree = "<group>"; };
		380036ED196BB065008A5C2E /* to_be_continued@2x.png */ = {isa = PBXFileReference; lastKnownFileType = image.png; path = "to_be_continued@2x.png"; sourceTree = "<group>"; };
		380036FB196BB065008A5C2E /* attribution.txt */ = {isa = PBXFileReference; fileEncoding = 4; lastKnownFileType = text; path = attribution.txt; sourceTree = "<group>"; };
		380036FC196BB065008A5C2E /* cameronmusic_meow.wav */ = {isa = PBXFileReference; lastKnownFileType = audio.wav; path = cameronmusic_meow.wav; sourceTree = "<group>"; };
		380036FD196BB065008A5C2E /* pg01.wav */ = {isa = PBXFileReference; lastKnownFileType = audio.wav; path = pg01.wav; sourceTree = "<group>"; };
		380036FE196BB065008A5C2E /* pg01_bgMusic.mp3 */ = {isa = PBXFileReference; lastKnownFileType = audio.mp3; path = pg01_bgMusic.mp3; sourceTree = "<group>"; };
		380036FF196BB065008A5C2E /* pg02.wav */ = {isa = PBXFileReference; lastKnownFileType = audio.wav; path = pg02.wav; sourceTree = "<group>"; };
		38003700196BB065008A5C2E /* pg02_bgMusic.mp3 */ = {isa = PBXFileReference; lastKnownFileType = audio.mp3; path = pg02_bgMusic.mp3; sourceTree = "<group>"; };
		38003701196BB065008A5C2E /* pg03.wav */ = {isa = PBXFileReference; lastKnownFileType = audio.wav; path = pg03.wav; sourceTree = "<group>"; };
		38003702196BB065008A5C2E /* pg03_bgMusic.mp3 */ = {isa = PBXFileReference; lastKnownFileType = audio.mp3; path = pg03_bgMusic.mp3; sourceTree = "<group>"; };
		38003703196BB065008A5C2E /* pg04.wav */ = {isa = PBXFileReference; lastKnownFileType = audio.wav; path = pg04.wav; sourceTree = "<group>"; };
		38003704196BB065008A5C2E /* pg04_bgMusic.mp3 */ = {isa = PBXFileReference; lastKnownFileType = audio.mp3; path = pg04_bgMusic.mp3; sourceTree = "<group>"; };
		38003705196BB065008A5C2E /* thegertz_meow.wav */ = {isa = PBXFileReference; lastKnownFileType = audio.wav; path = thegertz_meow.wav; sourceTree = "<group>"; };
		38003706196BB065008A5C2E /* thompsonman_pop.wav */ = {isa = PBXFileReference; lastKnownFileType = audio.wav; path = thompsonman_pop.wav; sourceTree = "<group>"; };
		38003707196BB065008A5C2E /* title_bgMusic.mp3 */ = {isa = PBXFileReference; lastKnownFileType = audio.mp3; path = title_bgMusic.mp3; sourceTree = "<group>"; };
		3800375A196BB0D3008A5C2E /* SKActionExtensions.swift */ = {isa = PBXFileReference; fileEncoding = 4; lastKnownFileType = sourcecode.swift; path = SKActionExtensions.swift; sourceTree = "<group>"; };
		3800375C196BB37A008A5C2E /* SKEmitterNodeExtensions.swift */ = {isa = PBXFileReference; fileEncoding = 4; lastKnownFileType = sourcecode.swift; path = SKEmitterNodeExtensions.swift; sourceTree = "<group>"; };
		3800375E196BB44B008A5C2E /* SKNodeExtensions.swift */ = {isa = PBXFileReference; fileEncoding = 4; lastKnownFileType = sourcecode.swift; path = SKNodeExtensions.swift; sourceTree = "<group>"; };
		38003762196BCECC008A5C2E /* SKTAudio.swift */ = {isa = PBXFileReference; fileEncoding = 4; lastKnownFileType = sourcecode.swift; path = SKTAudio.swift; sourceTree = "<group>"; };
		38003764196BD1FF008A5C2E /* SKTUtils.swift */ = {isa = PBXFileReference; fileEncoding = 4; lastKnownFileType = sourcecode.swift; path = SKTUtils.swift; sourceTree = "<group>"; };
		38003767196BDFAA008A5C2E /* Scene00.swift */ = {isa = PBXFileReference; fileEncoding = 4; lastKnownFileType = sourcecode.swift; path = Scene00.swift; sourceTree = "<group>"; };
		3800376A196C11F4008A5C2E /* Scene01.swift */ = {isa = PBXFileReference; fileEncoding = 4; lastKnownFileType = sourcecode.swift; path = Scene01.swift; sourceTree = "<group>"; };
		3800376C196C2640008A5C2E /* Scene02.swift */ = {isa = PBXFileReference; fileEncoding = 4; lastKnownFileType = sourcecode.swift; path = Scene02.swift; sourceTree = "<group>"; };
		3800376E196C307E008A5C2E /* Scene03.swift */ = {isa = PBXFileReference; fileEncoding = 4; lastKnownFileType = sourcecode.swift; path = Scene03.swift; sourceTree = "<group>"; };
		38003770196C3AFB008A5C2E /* Scene04.swift */ = {isa = PBXFileReference; fileEncoding = 4; lastKnownFileType = sourcecode.swift; path = Scene04.swift; sourceTree = "<group>"; };
		38003772196C3E34008A5C2E /* test.playground */ = {isa = PBXFileReference; lastKnownFileType = file.playground; path = test.playground; sourceTree = "<group>"; };
/* End PBXFileReference section */

/* Begin PBXFrameworksBuildPhase section */
		38003684196BAFAA008A5C2E /* Frameworks */ = {
			isa = PBXFrameworksBuildPhase;
			buildActionMask = 2147483647;
			files = (
			);
			runOnlyForDeploymentPostprocessing = 0;
		};
		3800369A196BAFAA008A5C2E /* Frameworks */ = {
			isa = PBXFrameworksBuildPhase;
			buildActionMask = 2147483647;
			files = (
			);
			runOnlyForDeploymentPostprocessing = 0;
		};
/* End PBXFrameworksBuildPhase section */

/* Begin PBXGroup section */
		3800367E196BAFAA008A5C2E = {
			isa = PBXGroup;
			children = (
				38003689196BAFAA008A5C2E /* TheSeasons */,
				380036A0196BAFAA008A5C2E /* TheSeasonsTests */,
				38003688196BAFAA008A5C2E /* Products */,
			);
			sourceTree = "<group>";
		};
		38003688196BAFAA008A5C2E /* Products */ = {
			isa = PBXGroup;
			children = (
				38003687196BAFAA008A5C2E /* TheSeasons.app */,
				3800369D196BAFAA008A5C2E /* TheSeasonsTests.xctest */,
			);
			name = Products;
			sourceTree = "<group>";
		};
		38003689196BAFAA008A5C2E /* TheSeasons */ = {
			isa = PBXGroup;
			children = (
				38003766196BDF96008A5C2E /* Scenes */,
				380036AD196BB065008A5C2E /* Art */,
				380036EE196BB065008A5C2E /* Other Resources */,
				380036FA196BB065008A5C2E /* Sounds */,
				3800368C196BAFAA008A5C2E /* AppDelegate.swift */,
				38003690196BAFAA008A5C2E /* GameScene.swift */,
				38003692196BAFAA008A5C2E /* GameViewController.swift */,
				38003694196BAFAA008A5C2E /* Main.storyboard */,
				38003697196BAFAA008A5C2E /* Images.xcassets */,
				3800368A196BAFAA008A5C2E /* Supporting Files */,
				38003772196C3E34008A5C2E /* test.playground */,
			);
			path = TheSeasons;
			sourceTree = "<group>";
		};
		3800368A196BAFAA008A5C2E /* Supporting Files */ = {
			isa = PBXGroup;
			children = (
				3800368B196BAFAA008A5C2E /* Info.plist */,
			);
			name = "Supporting Files";
			sourceTree = "<group>";
		};
		380036A0196BAFAA008A5C2E /* TheSeasonsTests */ = {
			isa = PBXGroup;
			children = (
				380036A3196BAFAA008A5C2E /* TheSeasonsTests.swift */,
				380036A1196BAFAA008A5C2E /* Supporting Files */,
			);
			path = TheSeasonsTests;
			sourceTree = "<group>";
		};
		380036A1196BAFAA008A5C2E /* Supporting Files */ = {
			isa = PBXGroup;
			children = (
				380036A2196BAFAA008A5C2E /* Info.plist */,
			);
			name = "Supporting Files";
			sourceTree = "<group>";
		};
		380036AD196BB065008A5C2E /* Art */ = {
			isa = PBXGroup;
			children = (
				380036AE196BB065008A5C2E /* bg_pg01.png */,
				380036AF196BB065008A5C2E /* bg_pg01@2x.png */,
				380036B0196BB065008A5C2E /* bg_pg02.png */,
				380036B1196BB065008A5C2E /* bg_pg02@2x.png */,
				380036B2196BB065008A5C2E /* bg_pg03.png */,
				380036B3196BB065008A5C2E /* bg_pg03@2x.png */,
				380036B4196BB065008A5C2E /* bg_pg04.png */,
				380036B5196BB065008A5C2E /* bg_pg04@2x.png */,
				380036B6196BB065008A5C2E /* bg_title_page.png */,
				380036B7196BB065008A5C2E /* bg_title_page@2x.png */,
				380036B8196BB065008A5C2E /* button_left.png */,
				380036B9196BB065008A5C2E /* button_left@2x.png */,
				380036BA196BB065008A5C2E /* button_read.png */,
				380036BB196BB065008A5C2E /* button_read@2x.png */,
				380036BC196BB065008A5C2E /* button_right.png */,
				380036BD196BB065008A5C2E /* button_right@2x.png */,
				380036BE196BB065008A5C2E /* button_sound_off.png */,
				380036BF196BB065008A5C2E /* button_sound_off@2x.png */,
				380036C0196BB065008A5C2E /* button_sound_on.png */,
				380036C1196BB065008A5C2E /* button_sound_on@2x.png */,
				380036C2196BB065008A5C2E /* footer.png */,
				380036C3196BB065008A5C2E /* footer@2x.png */,
				380036C4196BB065008A5C2E /* pg01_coatHanger.png */,
				380036C5196BB065008A5C2E /* pg01_coatHanger@2x.png */,
				380036C6196BB065008A5C2E /* pg01_kid.png */,
				380036C7196BB065008A5C2E /* pg01_kid00.png */,
				380036C8196BB065008A5C2E /* pg01_kid00@2x.png */,
				380036C9196BB065008A5C2E /* pg01_kid01.png */,
				380036CA196BB065008A5C2E /* pg01_kid01@2x.png */,
				380036CB196BB065008A5C2E /* pg01_kid02.png */,
				380036CC196BB065008A5C2E /* pg01_kid02@2x.png */,
				380036CD196BB065008A5C2E /* pg01_kid04.png */,
				380036CE196BB065008A5C2E /* pg01_kid04@2x.png */,
				380036CF196BB065008A5C2E /* pg01_kid@2x.png */,
				380036D0196BB065008A5C2E /* pg01_kid_hat.png */,
				380036D1196BB065008A5C2E /* pg01_kid_hat@2x.png */,
				380036D2196BB065008A5C2E /* pg01_text.png */,
				380036D3196BB065008A5C2E /* pg01_text@2x.png */,
				380036D4196BB065008A5C2E /* pg02_cat.png */,
				380036D5196BB065008A5C2E /* pg02_cat@2x.png */,
				380036D6196BB065008A5C2E /* pg02_text.png */,
				380036D7196BB065008A5C2E /* pg02_text@2x.png */,
				380036D8196BB065008A5C2E /* pg03_kid_cat.png */,
				380036D9196BB065008A5C2E /* pg03_kid_cat@2x.png */,
				380036DA196BB065008A5C2E /* pg03_text.png */,
				380036DB196BB065008A5C2E /* pg03_text@2x.png */,
				380036DC196BB065008A5C2E /* pg04_bunny.png */,
				380036DD196BB065008A5C2E /* pg04_bunny@2x.png */,
				380036DE196BB065008A5C2E /* pg04_cloud01.png */,
				380036DF196BB065008A5C2E /* pg04_cloud01@2x.png */,
				380036E0196BB065008A5C2E /* pg04_cloud02.png */,
				380036E1196BB065008A5C2E /* pg04_cloud02@2x.png */,
				380036E2196BB065008A5C2E /* pg04_text.png */,
				380036E3196BB065008A5C2E /* pg04_text@2x.png */,
				380036E4196BB065008A5C2E /* snowfall01.png */,
				380036E5196BB065008A5C2E /* snowfall01@2x.png */,
				380036E6196BB065008A5C2E /* snowfall02.png */,
				380036E7196BB065008A5C2E /* snowfall02@2x.png */,
				380036E8196BB065008A5C2E /* snowfall03.png */,
				380036E9196BB065008A5C2E /* snowfall03@2x.png */,
				380036EA196BB065008A5C2E /* title_text.png */,
				380036EB196BB065008A5C2E /* title_text@2x.png */,
				380036EC196BB065008A5C2E /* to_be_continued.png */,
				380036ED196BB065008A5C2E /* to_be_continued@2x.png */,
			);
			path = Art;
			sourceTree = "<group>";
		};
		380036EE196BB065008A5C2E /* Other Resources */ = {
			isa = PBXGroup;
			children = (
				380036EF196BB065008A5C2E /* SKTUtils */,
			);
			path = "Other Resources";
			sourceTree = "<group>";
		};
		380036EF196BB065008A5C2E /* SKTUtils */ = {
			isa = PBXGroup;
			children = (
				3800375A196BB0D3008A5C2E /* SKActionExtensions.swift */,
				3800375C196BB37A008A5C2E /* SKEmitterNodeExtensions.swift */,
				3800375E196BB44B008A5C2E /* SKNodeExtensions.swift */,
				38003762196BCECC008A5C2E /* SKTAudio.swift */,
				38003764196BD1FF008A5C2E /* SKTUtils.swift */,
			);
			path = SKTUtils;
			sourceTree = "<group>";
		};
		380036FA196BB065008A5C2E /* Sounds */ = {
			isa = PBXGroup;
			children = (
				380036FB196BB065008A5C2E /* attribution.txt */,
				380036FC196BB065008A5C2E /* cameronmusic_meow.wav */,
				380036FD196BB065008A5C2E /* pg01.wav */,
				380036FE196BB065008A5C2E /* pg01_bgMusic.mp3 */,
				380036FF196BB065008A5C2E /* pg02.wav */,
				38003700196BB065008A5C2E /* pg02_bgMusic.mp3 */,
				38003701196BB065008A5C2E /* pg03.wav */,
				38003702196BB065008A5C2E /* pg03_bgMusic.mp3 */,
				38003703196BB065008A5C2E /* pg04.wav */,
				38003704196BB065008A5C2E /* pg04_bgMusic.mp3 */,
				38003705196BB065008A5C2E /* thegertz_meow.wav */,
				38003706196BB065008A5C2E /* thompsonman_pop.wav */,
				38003707196BB065008A5C2E /* title_bgMusic.mp3 */,
			);
			path = Sounds;
			sourceTree = "<group>";
		};
		38003766196BDF96008A5C2E /* Scenes */ = {
			isa = PBXGroup;
			children = (
				38003767196BDFAA008A5C2E /* Scene00.swift */,
				3800376A196C11F4008A5C2E /* Scene01.swift */,
				3800376C196C2640008A5C2E /* Scene02.swift */,
				3800376E196C307E008A5C2E /* Scene03.swift */,
				38003770196C3AFB008A5C2E /* Scene04.swift */,
			);
			path = Scenes;
			sourceTree = "<group>";
		};
/* End PBXGroup section */

/* Begin PBXNativeTarget section */
		38003686196BAFAA008A5C2E /* TheSeasons */ = {
			isa = PBXNativeTarget;
			buildConfigurationList = 380036A7196BAFAA008A5C2E /* Build configuration list for PBXNativeTarget "TheSeasons" */;
			buildPhases = (
				38003683196BAFAA008A5C2E /* Sources */,
				38003684196BAFAA008A5C2E /* Frameworks */,
				38003685196BAFAA008A5C2E /* Resources */,
			);
			buildRules = (
			);
			dependencies = (
			);
			name = TheSeasons;
			productName = TheSeasons;
			productReference = 38003687196BAFAA008A5C2E /* TheSeasons.app */;
			productType = "com.apple.product-type.application";
		};
		3800369C196BAFAA008A5C2E /* TheSeasonsTests */ = {
			isa = PBXNativeTarget;
			buildConfigurationList = 380036AA196BAFAA008A5C2E /* Build configuration list for PBXNativeTarget "TheSeasonsTests" */;
			buildPhases = (
				38003699196BAFAA008A5C2E /* Sources */,
				3800369A196BAFAA008A5C2E /* Frameworks */,
				3800369B196BAFAA008A5C2E /* Resources */,
			);
			buildRules = (
			);
			dependencies = (
				3800369F196BAFAA008A5C2E /* PBXTargetDependency */,
			);
			name = TheSeasonsTests;
			productName = TheSeasonsTests;
			productReference = 3800369D196BAFAA008A5C2E /* TheSeasonsTests.xctest */;
			productType = "com.apple.product-type.bundle.unit-test";
		};
/* End PBXNativeTarget section */

/* Begin PBXProject section */
		3800367F196BAFAA008A5C2E /* Project object */ = {
			isa = PBXProject;
			attributes = {
				LastUpgradeCheck = 0600;
				ORGANIZATIONNAME = "Zeus Software";
				TargetAttributes = {
					38003686196BAFAA008A5C2E = {
						CreatedOnToolsVersion = 6.0;
					};
					3800369C196BAFAA008A5C2E = {
						CreatedOnToolsVersion = 6.0;
						TestTargetID = 38003686196BAFAA008A5C2E;
					};
				};
			};
			buildConfigurationList = 38003682196BAFAA008A5C2E /* Build configuration list for PBXProject "TheSeasons" */;
			compatibilityVersion = "Xcode 3.2";
			developmentRegion = English;
			hasScannedForEncodings = 0;
			knownRegions = (
				en,
				Base,
			);
			mainGroup = 3800367E196BAFAA008A5C2E;
			productRefGroup = 38003688196BAFAA008A5C2E /* Products */;
			projectDirPath = "";
			projectRoot = "";
			targets = (
				38003686196BAFAA008A5C2E /* TheSeasons */,
				3800369C196BAFAA008A5C2E /* TheSeasonsTests */,
			);
		};
/* End PBXProject section */

/* Begin PBXResourcesBuildPhase section */
		38003685196BAFAA008A5C2E /* Resources */ = {
			isa = PBXResourcesBuildPhase;
			buildActionMask = 2147483647;
			files = (
				38003712196BB065008A5C2E /* button_left.png in Resources */,
				38003757196BB065008A5C2E /* thegertz_meow.wav in Resources */,
				38003730196BB065008A5C2E /* pg02_text.png in Resources */,
				38003718196BB065008A5C2E /* button_sound_off.png in Resources */,
				3800371A196BB065008A5C2E /* button_sound_on.png in Resources */,
				3800371E196BB065008A5C2E /* pg01_coatHanger.png in Resources */,
				38003731196BB065008A5C2E /* pg02_text@2x.png in Resources */,
				38003719196BB065008A5C2E /* button_sound_off@2x.png in Resources */,
				38003744196BB065008A5C2E /* title_text.png in Resources */,
				38003743196BB065008A5C2E /* snowfall03@2x.png in Resources */,
				38003745196BB065008A5C2E /* title_text@2x.png in Resources */,
				38003728196BB065008A5C2E /* pg01_kid04@2x.png in Resources */,
				38003711196BB065008A5C2E /* bg_title_page@2x.png in Resources */,
				38003740196BB065008A5C2E /* snowfall02.png in Resources */,
				38003725196BB065008A5C2E /* pg01_kid02.png in Resources */,
				3800370C196BB065008A5C2E /* bg_pg03.png in Resources */,
				38003729196BB065008A5C2E /* pg01_kid@2x.png in Resources */,
				3800370B196BB065008A5C2E /* bg_pg02@2x.png in Resources */,
				3800371D196BB065008A5C2E /* footer@2x.png in Resources */,
				3800370D196BB065008A5C2E /* bg_pg03@2x.png in Resources */,
				38003736196BB065008A5C2E /* pg04_bunny.png in Resources */,
				38003733196BB065008A5C2E /* pg03_kid_cat@2x.png in Resources */,
				3800373B196BB065008A5C2E /* pg04_cloud02@2x.png in Resources */,
				3800370E196BB065008A5C2E /* bg_pg04.png in Resources */,
				38003750196BB065008A5C2E /* pg01_bgMusic.mp3 in Resources */,
				38003716196BB065008A5C2E /* button_right.png in Resources */,
				38003754196BB065008A5C2E /* pg03_bgMusic.mp3 in Resources */,
				38003698196BAFAA008A5C2E /* Images.xcassets in Resources */,
				38003715196BB065008A5C2E /* button_read@2x.png in Resources */,
				38003758196BB065008A5C2E /* thompsonman_pop.wav in Resources */,
				38003739196BB065008A5C2E /* pg04_cloud01@2x.png in Resources */,
				38003721196BB065008A5C2E /* pg01_kid00.png in Resources */,
				38003752196BB065008A5C2E /* pg02_bgMusic.mp3 in Resources */,
				38003713196BB065008A5C2E /* button_left@2x.png in Resources */,
				3800371B196BB065008A5C2E /* button_sound_on@2x.png in Resources */,
				38003741196BB065008A5C2E /* snowfall02@2x.png in Resources */,
				3800372F196BB065008A5C2E /* pg02_cat@2x.png in Resources */,
				38003738196BB065008A5C2E /* pg04_cloud01.png in Resources */,
				3800372A196BB065008A5C2E /* pg01_kid_hat.png in Resources */,
				3800373D196BB065008A5C2E /* pg04_text@2x.png in Resources */,
				38003717196BB065008A5C2E /* button_right@2x.png in Resources */,
				3800370F196BB065008A5C2E /* bg_pg04@2x.png in Resources */,
				38003759196BB065008A5C2E /* title_bgMusic.mp3 in Resources */,
				38003714196BB065008A5C2E /* button_read.png in Resources */,
				3800374D196BB065008A5C2E /* attribution.txt in Resources */,
				38003726196BB065008A5C2E /* pg01_kid02@2x.png in Resources */,
				3800374F196BB065008A5C2E /* pg01.wav in Resources */,
				38003723196BB065008A5C2E /* pg01_kid01.png in Resources */,
				38003734196BB065008A5C2E /* pg03_text.png in Resources */,
				38003747196BB065008A5C2E /* to_be_continued@2x.png in Resources */,
				38003708196BB065008A5C2E /* bg_pg01.png in Resources */,
				38003746196BB065008A5C2E /* to_be_continued.png in Resources */,
				38003756196BB065008A5C2E /* pg04_bgMusic.mp3 in Resources */,
				3800372C196BB065008A5C2E /* pg01_text.png in Resources */,
				38003727196BB065008A5C2E /* pg01_kid04.png in Resources */,
				3800373A196BB065008A5C2E /* pg04_cloud02.png in Resources */,
				38003696196BAFAA008A5C2E /* Main.storyboard in Resources */,
				38003720196BB065008A5C2E /* pg01_kid.png in Resources */,
				38003737196BB065008A5C2E /* pg04_bunny@2x.png in Resources */,
				3800371C196BB065008A5C2E /* footer.png in Resources */,
				38003735196BB065008A5C2E /* pg03_text@2x.png in Resources */,
				3800371F196BB065008A5C2E /* pg01_coatHanger@2x.png in Resources */,
				3800372D196BB065008A5C2E /* pg01_text@2x.png in Resources */,
				38003742196BB065008A5C2E /* snowfall03.png in Resources */,
				3800373E196BB065008A5C2E /* snowfall01.png in Resources */,
				3800372E196BB065008A5C2E /* pg02_cat.png in Resources */,
				38003709196BB065008A5C2E /* bg_pg01@2x.png in Resources */,
				3800374E196BB065008A5C2E /* cameronmusic_meow.wav in Resources */,
				38003710196BB065008A5C2E /* bg_title_page.png in Resources */,
				3800370A196BB065008A5C2E /* bg_pg02.png in Resources */,
				38003755196BB065008A5C2E /* pg04.wav in Resources */,
				3800372B196BB065008A5C2E /* pg01_kid_hat@2x.png in Resources */,
				38003732196BB065008A5C2E /* pg03_kid_cat.png in Resources */,
				38003724196BB065008A5C2E /* pg01_kid01@2x.png in Resources */,
				38003722196BB065008A5C2E /* pg01_kid00@2x.png in Resources */,
				38003751196BB065008A5C2E /* pg02.wav in Resources */,
				3800373F196BB065008A5C2E /* snowfall01@2x.png in Resources */,
				38003753196BB065008A5C2E /* pg03.wav in Resources */,
				3800373C196BB065008A5C2E /* pg04_text.png in Resources */,
			);
			runOnlyForDeploymentPostprocessing = 0;
		};
		3800369B196BAFAA008A5C2E /* Resources */ = {
			isa = PBXResourcesBuildPhase;
			buildActionMask = 2147483647;
			files = (
			);
			runOnlyForDeploymentPostprocessing = 0;
		};
/* End PBXResourcesBuildPhase section */

/* Begin PBXSourcesBuildPhase section */
		38003683196BAFAA008A5C2E /* Sources */ = {
			isa = PBXSourcesBuildPhase;
			buildActionMask = 2147483647;
			files = (
				3800375B196BB0D3008A5C2E /* SKActionExtensions.swift in Sources */,
				38003691196BAFAA008A5C2E /* GameScene.swift in Sources */,
				38003763196BCECC008A5C2E /* SKTAudio.swift in Sources */,
				38003693196BAFAA008A5C2E /* GameViewController.swift in Sources */,
				3800376F196C307E008A5C2E /* Scene03.swift in Sources */,
				38003768196BDFAA008A5C2E /* Scene00.swift in Sources */,
				3800368D196BAFAA008A5C2E /* AppDelegate.swift in Sources */,
				3800376D196C2640008A5C2E /* Scene02.swift in Sources */,
				3800376B196C11F4008A5C2E /* Scene01.swift in Sources */,
				38003771196C3AFB008A5C2E /* Scene04.swift in Sources */,
				3800375F196BB44B008A5C2E /* SKNodeExtensions.swift in Sources */,
				3800375D196BB37A008A5C2E /* SKEmitterNodeExtensions.swift in Sources */,
				38003765196BD1FF008A5C2E /* SKTUtils.swift in Sources */,
			);
			runOnlyForDeploymentPostprocessing = 0;
		};
		38003699196BAFAA008A5C2E /* Sources */ = {
			isa = PBXSourcesBuildPhase;
			buildActionMask = 2147483647;
			files = (
				380036A4196BAFAA008A5C2E /* TheSeasonsTests.swift in Sources */,
			);
			runOnlyForDeploymentPostprocessing = 0;
		};
/* End PBXSourcesBuildPhase section */

/* Begin PBXTargetDependency section */
		3800369F196BAFAA008A5C2E /* PBXTargetDependency */ = {
			isa = PBXTargetDependency;
			target = 38003686196BAFAA008A5C2E /* TheSeasons */;
			targetProxy = 3800369E196BAFAA008A5C2E /* PBXContainerItemProxy */;
		};
/* End PBXTargetDependency section */

/* Begin PBXVariantGroup section */
		38003694196BAFAA008A5C2E /* Main.storyboard */ = {
			isa = PBXVariantGroup;
			children = (
				38003695196BAFAA008A5C2E /* Base */,
			);
			name = Main.storyboard;
			sourceTree = "<group>";
		};
/* End PBXVariantGroup section */

/* Begin XCBuildConfiguration section */
		380036A5196BAFAA008A5C2E /* Debug */ = {
			isa = XCBuildConfiguration;
			buildSettings = {
				ALWAYS_SEARCH_USER_PATHS = NO;
				CLANG_CXX_LANGUAGE_STANDARD = "gnu++0x";
				CLANG_CXX_LIBRARY = "libc++";
				CLANG_ENABLE_MODULES = YES;
				CLANG_ENABLE_OBJC_ARC = YES;
				CLANG_WARN_BOOL_CONVERSION = YES;
				CLANG_WARN_CONSTANT_CONVERSION = YES;
				CLANG_WARN_DIRECT_OBJC_ISA_USAGE = YES_ERROR;
				CLANG_WARN_EMPTY_BODY = YES;
				CLANG_WARN_ENUM_CONVERSION = YES;
				CLANG_WARN_INT_CONVERSION = YES;
				CLANG_WARN_OBJC_ROOT_CLASS = YES_ERROR;
				CLANG_WARN_UNREACHABLE_CODE = YES;
				CLANG_WARN__DUPLICATE_METHOD_MATCH = YES;
				"CODE_SIGN_IDENTITY[sdk=iphoneos*]" = "iPhone Developer";
				COPY_PHASE_STRIP = NO;
				ENABLE_STRICT_OBJC_MSGSEND = YES;
				GCC_C_LANGUAGE_STANDARD = gnu99;
				GCC_DYNAMIC_NO_PIC = NO;
				GCC_OPTIMIZATION_LEVEL = 0;
				GCC_PREPROCESSOR_DEFINITIONS = (
					"DEBUG=1",
					"$(inherited)",
				);
				GCC_SYMBOLS_PRIVATE_EXTERN = NO;
				GCC_WARN_64_TO_32_BIT_CONVERSION = YES;
				GCC_WARN_ABOUT_RETURN_TYPE = YES_ERROR;
				GCC_WARN_UNDECLARED_SELECTOR = YES;
				GCC_WARN_UNINITIALIZED_AUTOS = YES_AGGRESSIVE;
				GCC_WARN_UNUSED_FUNCTION = YES;
				GCC_WARN_UNUSED_VARIABLE = YES;
				IPHONEOS_DEPLOYMENT_TARGET = 8.0;
				MTL_ENABLE_DEBUG_INFO = YES;
				ONLY_ACTIVE_ARCH = YES;
				SDKROOT = iphoneos;
				SWIFT_OPTIMIZATION_LEVEL = "-Onone";
				TARGETED_DEVICE_FAMILY = 2;
			};
			name = Debug;
		};
		380036A6196BAFAA008A5C2E /* Release */ = {
			isa = XCBuildConfiguration;
			buildSettings = {
				ALWAYS_SEARCH_USER_PATHS = NO;
				CLANG_CXX_LANGUAGE_STANDARD = "gnu++0x";
				CLANG_CXX_LIBRARY = "libc++";
				CLANG_ENABLE_MODULES = YES;
				CLANG_ENABLE_OBJC_ARC = YES;
				CLANG_WARN_BOOL_CONVERSION = YES;
				CLANG_WARN_CONSTANT_CONVERSION = YES;
				CLANG_WARN_DIRECT_OBJC_ISA_USAGE = YES_ERROR;
				CLANG_WARN_EMPTY_BODY = YES;
				CLANG_WARN_ENUM_CONVERSION = YES;
				CLANG_WARN_INT_CONVERSION = YES;
				CLANG_WARN_OBJC_ROOT_CLASS = YES_ERROR;
				CLANG_WARN_UNREACHABLE_CODE = YES;
				CLANG_WARN__DUPLICATE_METHOD_MATCH = YES;
				"CODE_SIGN_IDENTITY[sdk=iphoneos*]" = "iPhone Developer";
				COPY_PHASE_STRIP = YES;
				ENABLE_NS_ASSERTIONS = NO;
				ENABLE_STRICT_OBJC_MSGSEND = YES;
				GCC_C_LANGUAGE_STANDARD = gnu99;
				GCC_WARN_64_TO_32_BIT_CONVERSION = YES;
				GCC_WARN_ABOUT_RETURN_TYPE = YES_ERROR;
				GCC_WARN_UNDECLARED_SELECTOR = YES;
				GCC_WARN_UNINITIALIZED_AUTOS = YES_AGGRESSIVE;
				GCC_WARN_UNUSED_FUNCTION = YES;
				GCC_WARN_UNUSED_VARIABLE = YES;
				IPHONEOS_DEPLOYMENT_TARGET = 8.0;
				MTL_ENABLE_DEBUG_INFO = NO;
				SDKROOT = iphoneos;
				TARGETED_DEVICE_FAMILY = 2;
				VALIDATE_PRODUCT = YES;
			};
			name = Release;
		};
		380036A8196BAFAA008A5C2E /* Debug */ = {
			isa = XCBuildConfiguration;
			buildSettings = {
				ASSETCATALOG_COMPILER_APPICON_NAME = AppIcon;
				ASSETCATALOG_COMPILER_LAUNCHIMAGE_NAME = LaunchImage;
				INFOPLIST_FILE = TheSeasons/Info.plist;
				IPHONEOS_DEPLOYMENT_TARGET = 6.0;
				LD_RUNPATH_SEARCH_PATHS = "$(inherited) @executable_path/Frameworks";
				PRODUCT_NAME = "$(TARGET_NAME)";
			};
			name = Debug;
		};
		380036A9196BAFAA008A5C2E /* Release */ = {
			isa = XCBuildConfiguration;
			buildSettings = {
				ASSETCATALOG_COMPILER_APPICON_NAME = AppIcon;
				ASSETCATALOG_COMPILER_LAUNCHIMAGE_NAME = LaunchImage;
				INFOPLIST_FILE = TheSeasons/Info.plist;
				IPHONEOS_DEPLOYMENT_TARGET = 6.0;
				LD_RUNPATH_SEARCH_PATHS = "$(inherited) @executable_path/Frameworks";
				PRODUCT_NAME = "$(TARGET_NAME)";
			};
			name = Release;
		};
		380036AB196BAFAA008A5C2E /* Debug */ = {
			isa = XCBuildConfiguration;
			buildSettings = {
				BUNDLE_LOADER = "$(BUILT_PRODUCTS_DIR)/TheSeasons.app/TheSeasons";
				FRAMEWORK_SEARCH_PATHS = (
					"$(SDKROOT)/Developer/Library/Frameworks",
					"$(inherited)",
				);
				GCC_PREPROCESSOR_DEFINITIONS = (
					"DEBUG=1",
					"$(inherited)",
				);
				INFOPLIST_FILE = TheSeasonsTests/Info.plist;
				LD_RUNPATH_SEARCH_PATHS = "$(inherited) @executable_path/Frameworks @loader_path/Frameworks";
				PRODUCT_NAME = "$(TARGET_NAME)";
				TEST_HOST = "$(BUNDLE_LOADER)";
			};
			name = Debug;
		};
		380036AC196BAFAA008A5C2E /* Release */ = {
			isa = XCBuildConfiguration;
			buildSettings = {
				BUNDLE_LOADER = "$(BUILT_PRODUCTS_DIR)/TheSeasons.app/TheSeasons";
				FRAMEWORK_SEARCH_PATHS = (
					"$(SDKROOT)/Developer/Library/Frameworks",
					"$(inherited)",
				);
				INFOPLIST_FILE = TheSeasonsTests/Info.plist;
				LD_RUNPATH_SEARCH_PATHS = "$(inherited) @executable_path/Frameworks @loader_path/Frameworks";
				PRODUCT_NAME = "$(TARGET_NAME)";
				TEST_HOST = "$(BUNDLE_LOADER)";
			};
			name = Release;
		};
/* End XCBuildConfiguration section */

/* Begin XCConfigurationList section */
		38003682196BAFAA008A5C2E /* Build configuration list for PBXProject "TheSeasons" */ = {
			isa = XCConfigurationList;
			buildConfigurations = (
				380036A5196BAFAA008A5C2E /* Debug */,
				380036A6196BAFAA008A5C2E /* Release */,
			);
			defaultConfigurationIsVisible = 0;
			defaultConfigurationName = Release;
		};
		380036A7196BAFAA008A5C2E /* Build configuration list for PBXNativeTarget "TheSeasons" */ = {
			isa = XCConfigurationList;
			buildConfigurations = (
				380036A8196BAFAA008A5C2E /* Debug */,
				380036A9196BAFAA008A5C2E /* Release */,
			);
			defaultConfigurationIsVisible = 0;
			defaultConfigurationName = Release;
		};
		380036AA196BAFAA008A5C2E /* Build configuration list for PBXNativeTarget "TheSeasonsTests" */ = {
			isa = XCConfigurationList;
			buildConfigurations = (
				380036AB196BAFAA008A5C2E /* Debug */,
				380036AC196BAFAA008A5C2E /* Release */,
			);
			defaultConfigurationIsVisible = 0;
			defaultConfigurationName = Release;
		};
/* End XCConfigurationList section */
	};
	rootObject = 3800367F196BAFAA008A5C2E /* Project object */;
}
